// !$*UTF8*$!
{
	archiveVersion = 1;
	classes = {
	};
	objectVersion = 46;
	objects = {

/* Begin PBXBuildFile section */
		284634C21C6AE2F8007B6CE7 /* AppDelegate.swift in Sources */ = {isa = PBXBuildFile; fileRef = 284634C11C6AE2F8007B6CE7 /* AppDelegate.swift */; };
		284634C71C6AE2F8007B6CE7 /* Main.storyboard in Resources */ = {isa = PBXBuildFile; fileRef = 284634C51C6AE2F8007B6CE7 /* Main.storyboard */; };
		284634C91C6AE2F8007B6CE7 /* Assets.xcassets in Resources */ = {isa = PBXBuildFile; fileRef = 284634C81C6AE2F8007B6CE7 /* Assets.xcassets */; };
		284634CC1C6AE2F8007B6CE7 /* LaunchScreen.storyboard in Resources */ = {isa = PBXBuildFile; fileRef = 284634CA1C6AE2F8007B6CE7 /* LaunchScreen.storyboard */; };
		284634D71C6AE2F8007B6CE7 /* SocialShoppingAppTests.swift in Sources */ = {isa = PBXBuildFile; fileRef = 284634D61C6AE2F8007B6CE7 /* SocialShoppingAppTests.swift */; };
		284634E21C6AE2F8007B6CE7 /* SocialShoppingAppUITests.swift in Sources */ = {isa = PBXBuildFile; fileRef = 284634E11C6AE2F8007B6CE7 /* SocialShoppingAppUITests.swift */; };
		BC6AD80CAA465BDACE6B82B7 /* Pods_SocialShoppingApp.framework in Frameworks */ = {isa = PBXBuildFile; fileRef = E78047B29CAB6E68C439370B /* Pods_SocialShoppingApp.framework */; };
/* End PBXBuildFile section */

/* Begin PBXContainerItemProxy section */
		284634D31C6AE2F8007B6CE7 /* PBXContainerItemProxy */ = {
			isa = PBXContainerItemProxy;
			containerPortal = 284634B61C6AE2F8007B6CE7 /* Project object */;
			proxyType = 1;
			remoteGlobalIDString = 284634BD1C6AE2F8007B6CE7;
			remoteInfo = SocialShoppingApp;
		};
		284634DE1C6AE2F8007B6CE7 /* PBXContainerItemProxy */ = {
			isa = PBXContainerItemProxy;
			containerPortal = 284634B61C6AE2F8007B6CE7 /* Project object */;
			proxyType = 1;
			remoteGlobalIDString = 284634BD1C6AE2F8007B6CE7;
			remoteInfo = SocialShoppingApp;
		};
/* End PBXContainerItemProxy section */

/* Begin PBXFileReference section */
		284634BE1C6AE2F8007B6CE7 /* SocialShoppingApp.app */ = {isa = PBXFileReference; explicitFileType = wrapper.application; includeInIndex = 0; path = SocialShoppingApp.app; sourceTree = BUILT_PRODUCTS_DIR; };
		284634C11C6AE2F8007B6CE7 /* AppDelegate.swift */ = {isa = PBXFileReference; lastKnownFileType = sourcecode.swift; path = AppDelegate.swift; sourceTree = "<group>"; };
		284634C61C6AE2F8007B6CE7 /* Base */ = {isa = PBXFileReference; lastKnownFileType = file.storyboard; name = Base; path = Base.lproj/Main.storyboard; sourceTree = "<group>"; };
		284634C81C6AE2F8007B6CE7 /* Assets.xcassets */ = {isa = PBXFileReference; lastKnownFileType = folder.assetcatalog; path = Assets.xcassets; sourceTree = "<group>"; };
		284634CB1C6AE2F8007B6CE7 /* Base */ = {isa = PBXFileReference; lastKnownFileType = file.storyboard; name = Base; path = Base.lproj/LaunchScreen.storyboard; sourceTree = "<group>"; };
		284634CD1C6AE2F8007B6CE7 /* Info.plist */ = {isa = PBXFileReference; lastKnownFileType = text.plist.xml; path = Info.plist; sourceTree = "<group>"; };
		284634D21C6AE2F8007B6CE7 /* SocialShoppingAppTests.xctest */ = {isa = PBXFileReference; explicitFileType = wrapper.cfbundle; includeInIndex = 0; path = SocialShoppingAppTests.xctest; sourceTree = BUILT_PRODUCTS_DIR; };
		284634D61C6AE2F8007B6CE7 /* SocialShoppingAppTests.swift */ = {isa = PBXFileReference; lastKnownFileType = sourcecode.swift; path = SocialShoppingAppTests.swift; sourceTree = "<group>"; };
		284634D81C6AE2F8007B6CE7 /* Info.plist */ = {isa = PBXFileReference; lastKnownFileType = text.plist.xml; path = Info.plist; sourceTree = "<group>"; };
		284634DD1C6AE2F8007B6CE7 /* SocialShoppingAppUITests.xctest */ = {isa = PBXFileReference; explicitFileType = wrapper.cfbundle; includeInIndex = 0; path = SocialShoppingAppUITests.xctest; sourceTree = BUILT_PRODUCTS_DIR; };
		284634E11C6AE2F8007B6CE7 /* SocialShoppingAppUITests.swift */ = {isa = PBXFileReference; lastKnownFileType = sourcecode.swift; path = SocialShoppingAppUITests.swift; sourceTree = "<group>"; };
		284634E31C6AE2F8007B6CE7 /* Info.plist */ = {isa = PBXFileReference; lastKnownFileType = text.plist.xml; path = Info.plist; sourceTree = "<group>"; };
		4C14452F4C55A24CC2013A83 /* Pods-SocialShoppingApp.debug.xcconfig */ = {isa = PBXFileReference; includeInIndex = 1; lastKnownFileType = text.xcconfig; name = "Pods-SocialShoppingApp.debug.xcconfig"; path = "Pods/Target Support Files/Pods-SocialShoppingApp/Pods-SocialShoppingApp.debug.xcconfig"; sourceTree = "<group>"; };
		B05F79AAF877D832AB404C73 /* Pods-SocialShoppingApp.release.xcconfig */ = {isa = PBXFileReference; includeInIndex = 1; lastKnownFileType = text.xcconfig; name = "Pods-SocialShoppingApp.release.xcconfig"; path = "Pods/Target Support Files/Pods-SocialShoppingApp/Pods-SocialShoppingApp.release.xcconfig"; sourceTree = "<group>"; };
		E78047B29CAB6E68C439370B /* Pods_SocialShoppingApp.framework */ = {isa = PBXFileReference; explicitFileType = wrapper.framework; includeInIndex = 0; path = Pods_SocialShoppingApp.framework; sourceTree = BUILT_PRODUCTS_DIR; };
/* End PBXFileReference section */

/* Begin PBXFrameworksBuildPhase section */
		284634BB1C6AE2F8007B6CE7 /* Frameworks */ = {
			isa = PBXFrameworksBuildPhase;
			buildActionMask = 2147483647;
			files = (
				BC6AD80CAA465BDACE6B82B7 /* Pods_SocialShoppingApp.framework in Frameworks */,
			);
			runOnlyForDeploymentPostprocessing = 0;
		};
		284634CF1C6AE2F8007B6CE7 /* Frameworks */ = {
			isa = PBXFrameworksBuildPhase;
			buildActionMask = 2147483647;
			files = (
			);
			runOnlyForDeploymentPostprocessing = 0;
		};
		284634DA1C6AE2F8007B6CE7 /* Frameworks */ = {
			isa = PBXFrameworksBuildPhase;
			buildActionMask = 2147483647;
			files = (
			);
			runOnlyForDeploymentPostprocessing = 0;
		};
/* End PBXFrameworksBuildPhase section */

/* Begin PBXGroup section */
		284634B51C6AE2F8007B6CE7 = {
			isa = PBXGroup;
			children = (
				284634C01C6AE2F8007B6CE7 /* SocialShoppingApp */,
				284634D51C6AE2F8007B6CE7 /* SocialShoppingAppTests */,
				284634E01C6AE2F8007B6CE7 /* SocialShoppingAppUITests */,
				284634BF1C6AE2F8007B6CE7 /* Products */,
				C289E45E3DCD8ED67CCE2734 /* Pods */,
				C270793653FBCE9B72123AA8 /* Frameworks */,
			);
			sourceTree = "<group>";
		};
		284634BF1C6AE2F8007B6CE7 /* Products */ = {
			isa = PBXGroup;
			children = (
				284634BE1C6AE2F8007B6CE7 /* SocialShoppingApp.app */,
				284634D21C6AE2F8007B6CE7 /* SocialShoppingAppTests.xctest */,
				284634DD1C6AE2F8007B6CE7 /* SocialShoppingAppUITests.xctest */,
			);
			name = Products;
			sourceTree = "<group>";
		};
		284634C01C6AE2F8007B6CE7 /* SocialShoppingApp */ = {
			isa = PBXGroup;
			children = (
				284634C11C6AE2F8007B6CE7 /* AppDelegate.swift */,
				284634C51C6AE2F8007B6CE7 /* Main.storyboard */,
				284634C81C6AE2F8007B6CE7 /* Assets.xcassets */,
				284634CA1C6AE2F8007B6CE7 /* LaunchScreen.storyboard */,
				284634CD1C6AE2F8007B6CE7 /* Info.plist */,
			);
			path = SocialShoppingApp;
			sourceTree = "<group>";
		};
		284634D51C6AE2F8007B6CE7 /* SocialShoppingAppTests */ = {
			isa = PBXGroup;
			children = (
				284634D61C6AE2F8007B6CE7 /* SocialShoppingAppTests.swift */,
				284634D81C6AE2F8007B6CE7 /* Info.plist */,
			);
			path = SocialShoppingAppTests;
			sourceTree = "<group>";
		};
		284634E01C6AE2F8007B6CE7 /* SocialShoppingAppUITests */ = {
			isa = PBXGroup;
			children = (
				284634E11C6AE2F8007B6CE7 /* SocialShoppingAppUITests.swift */,
				284634E31C6AE2F8007B6CE7 /* Info.plist */,
			);
			path = SocialShoppingAppUITests;
			sourceTree = "<group>";
		};
		C270793653FBCE9B72123AA8 /* Frameworks */ = {
			isa = PBXGroup;
			children = (
				E78047B29CAB6E68C439370B /* Pods_SocialShoppingApp.framework */,
			);
			name = Frameworks;
			sourceTree = "<group>";
		};
		C289E45E3DCD8ED67CCE2734 /* Pods */ = {
			isa = PBXGroup;
			children = (
				4C14452F4C55A24CC2013A83 /* Pods-SocialShoppingApp.debug.xcconfig */,
				B05F79AAF877D832AB404C73 /* Pods-SocialShoppingApp.release.xcconfig */,
			);
			name = Pods;
			sourceTree = "<group>";
		};
/* End PBXGroup section */

/* Begin PBXNativeTarget section */
		284634BD1C6AE2F8007B6CE7 /* SocialShoppingApp */ = {
			isa = PBXNativeTarget;
			buildConfigurationList = 284634E61C6AE2F8007B6CE7 /* Build configuration list for PBXNativeTarget "SocialShoppingApp" */;
			buildPhases = (
				B7CC22EF4801B99B46B2E120 /* Check Pods Manifest.lock */,
				284634BA1C6AE2F8007B6CE7 /* Sources */,
				284634BB1C6AE2F8007B6CE7 /* Frameworks */,
				284634BC1C6AE2F8007B6CE7 /* Resources */,
				ABE646A9202740D95619728F /* Embed Pods Frameworks */,
				4815EED2AF8DA233005D8272 /* Copy Pods Resources */,
			);
			buildRules = (
			);
			dependencies = (
			);
			name = SocialShoppingApp;
			productName = SocialShoppingApp;
			productReference = 284634BE1C6AE2F8007B6CE7 /* SocialShoppingApp.app */;
			productType = "com.apple.product-type.application";
		};
		284634D11C6AE2F8007B6CE7 /* SocialShoppingAppTests */ = {
			isa = PBXNativeTarget;
			buildConfigurationList = 284634E91C6AE2F8007B6CE7 /* Build configuration list for PBXNativeTarget "SocialShoppingAppTests" */;
			buildPhases = (
				284634CE1C6AE2F8007B6CE7 /* Sources */,
				284634CF1C6AE2F8007B6CE7 /* Frameworks */,
				284634D01C6AE2F8007B6CE7 /* Resources */,
			);
			buildRules = (
			);
			dependencies = (
				284634D41C6AE2F8007B6CE7 /* PBXTargetDependency */,
			);
			name = SocialShoppingAppTests;
			productName = SocialShoppingAppTests;
			productReference = 284634D21C6AE2F8007B6CE7 /* SocialShoppingAppTests.xctest */;
			productType = "com.apple.product-type.bundle.unit-test";
		};
		284634DC1C6AE2F8007B6CE7 /* SocialShoppingAppUITests */ = {
			isa = PBXNativeTarget;
			buildConfigurationList = 284634EC1C6AE2F8007B6CE7 /* Build configuration list for PBXNativeTarget "SocialShoppingAppUITests" */;
			buildPhases = (
				284634D91C6AE2F8007B6CE7 /* Sources */,
				284634DA1C6AE2F8007B6CE7 /* Frameworks */,
				284634DB1C6AE2F8007B6CE7 /* Resources */,
			);
			buildRules = (
			);
			dependencies = (
				284634DF1C6AE2F8007B6CE7 /* PBXTargetDependency */,
			);
			name = SocialShoppingAppUITests;
			productName = SocialShoppingAppUITests;
			productReference = 284634DD1C6AE2F8007B6CE7 /* SocialShoppingAppUITests.xctest */;
			productType = "com.apple.product-type.bundle.ui-testing";
		};
/* End PBXNativeTarget section */

/* Begin PBXProject section */
		284634B61C6AE2F8007B6CE7 /* Project object */ = {
			isa = PBXProject;
			attributes = {
				LastSwiftUpdateCheck = 0720;
				LastUpgradeCheck = 0720;
				ORGANIZATIONNAME = "Sarthak Khillon";
				TargetAttributes = {
					284634BD1C6AE2F8007B6CE7 = {
						CreatedOnToolsVersion = 7.2.1;
					};
					284634D11C6AE2F8007B6CE7 = {
						CreatedOnToolsVersion = 7.2.1;
						TestTargetID = 284634BD1C6AE2F8007B6CE7;
					};
					284634DC1C6AE2F8007B6CE7 = {
						CreatedOnToolsVersion = 7.2.1;
						TestTargetID = 284634BD1C6AE2F8007B6CE7;
					};
				};
			};
			buildConfigurationList = 284634B91C6AE2F8007B6CE7 /* Build configuration list for PBXProject "SocialShoppingApp" */;
			compatibilityVersion = "Xcode 3.2";
			developmentRegion = English;
			hasScannedForEncodings = 0;
			knownRegions = (
				en,
				Base,
			);
			mainGroup = 284634B51C6AE2F8007B6CE7;
			productRefGroup = 284634BF1C6AE2F8007B6CE7 /* Products */;
			projectDirPath = "";
			projectRoot = "";
			targets = (
				284634BD1C6AE2F8007B6CE7 /* SocialShoppingApp */,
				284634D11C6AE2F8007B6CE7 /* SocialShoppingAppTests */,
				284634DC1C6AE2F8007B6CE7 /* SocialShoppingAppUITests */,
			);
		};
/* End PBXProject section */

/* Begin PBXResourcesBuildPhase section */
		284634BC1C6AE2F8007B6CE7 /* Resources */ = {
			isa = PBXResourcesBuildPhase;
			buildActionMask = 2147483647;
			files = (
				284634CC1C6AE2F8007B6CE7 /* LaunchScreen.storyboard in Resources */,
				284634C91C6AE2F8007B6CE7 /* Assets.xcassets in Resources */,
				284634C71C6AE2F8007B6CE7 /* Main.storyboard in Resources */,
			);
			runOnlyForDeploymentPostprocessing = 0;
		};
		284634D01C6AE2F8007B6CE7 /* Resources */ = {
			isa = PBXResourcesBuildPhase;
			buildActionMask = 2147483647;
			files = (
			);
			runOnlyForDeploymentPostprocessing = 0;
		};
		284634DB1C6AE2F8007B6CE7 /* Resources */ = {
			isa = PBXResourcesBuildPhase;
			buildActionMask = 2147483647;
			files = (
			);
			runOnlyForDeploymentPostprocessing = 0;
		};
/* End PBXResourcesBuildPhase section */

/* Begin PBXShellScriptBuildPhase section */
		4815EED2AF8DA233005D8272 /* Copy Pods Resources */ = {
			isa = PBXShellScriptBuildPhase;
			buildActionMask = 2147483647;
			files = (
			);
			inputPaths = (
			);
			name = "Copy Pods Resources";
			outputPaths = (
			);
			runOnlyForDeploymentPostprocessing = 0;
			shellPath = /bin/sh;
			shellScript = "\"${SRCROOT}/Pods/Target Support Files/Pods-SocialShoppingApp/Pods-SocialShoppingApp-resources.sh\"\n";
			showEnvVarsInLog = 0;
		};
		ABE646A9202740D95619728F /* Embed Pods Frameworks */ = {
			isa = PBXShellScriptBuildPhase;
			buildActionMask = 2147483647;
			files = (
			);
			inputPaths = (
			);
			name = "Embed Pods Frameworks";
			outputPaths = (
			);
			runOnlyForDeploymentPostprocessing = 0;
			shellPath = /bin/sh;
			shellScript = "\"${SRCROOT}/Pods/Target Support Files/Pods-SocialShoppingApp/Pods-SocialShoppingApp-frameworks.sh\"\n";
			showEnvVarsInLog = 0;
		};
		B7CC22EF4801B99B46B2E120 /* Check Pods Manifest.lock */ = {
			isa = PBXShellScriptBuildPhase;
			buildActionMask = 2147483647;
			files = (
			);
			inputPaths = (
			);
			name = "Check Pods Manifest.lock";
			outputPaths = (
			);
			runOnlyForDeploymentPostprocessing = 0;
			shellPath = /bin/sh;
			shellScript = "diff \"${PODS_ROOT}/../Podfile.lock\" \"${PODS_ROOT}/Manifest.lock\" > /dev/null\nif [[ $? != 0 ]] ; then\n    cat << EOM\nerror: The sandbox is not in sync with the Podfile.lock. Run 'pod install' or update your CocoaPods installation.\nEOM\n    exit 1\nfi\n";
			showEnvVarsInLog = 0;
		};
/* End PBXShellScriptBuildPhase section */

/* Begin PBXSourcesBuildPhase section */
		284634BA1C6AE2F8007B6CE7 /* Sources */ = {
			isa = PBXSourcesBuildPhase;
			buildActionMask = 2147483647;
			files = (
				284634C21C6AE2F8007B6CE7 /* AppDelegate.swift in Sources */,
			);
			runOnlyForDeploymentPostprocessing = 0;
		};
		284634CE1C6AE2F8007B6CE7 /* Sources */ = {
			isa = PBXSourcesBuildPhase;
			buildActionMask = 2147483647;
			files = (
				284634D71C6AE2F8007B6CE7 /* SocialShoppingAppTests.swift in Sources */,
			);
			runOnlyForDeploymentPostprocessing = 0;
		};
		284634D91C6AE2F8007B6CE7 /* Sources */ = {
			isa = PBXSourcesBuildPhase;
			buildActionMask = 2147483647;
			files = (
				284634E21C6AE2F8007B6CE7 /* SocialShoppingAppUITests.swift in Sources */,
			);
			runOnlyForDeploymentPostprocessing = 0;
		};
/* End PBXSourcesBuildPhase section */

/* Begin PBXTargetDependency section */
		284634D41C6AE2F8007B6CE7 /* PBXTargetDependency */ = {
			isa = PBXTargetDependency;
			target = 284634BD1C6AE2F8007B6CE7 /* SocialShoppingApp */;
			targetProxy = 284634D31C6AE2F8007B6CE7 /* PBXContainerItemProxy */;
		};
		284634DF1C6AE2F8007B6CE7 /* PBXTargetDependency */ = {
			isa = PBXTargetDependency;
			target = 284634BD1C6AE2F8007B6CE7 /* SocialShoppingApp */;
			targetProxy = 284634DE1C6AE2F8007B6CE7 /* PBXContainerItemProxy */;
		};
/* End PBXTargetDependency section */

/* Begin PBXVariantGroup section */
		284634C51C6AE2F8007B6CE7 /* Main.storyboard */ = {
			isa = PBXVariantGroup;
			children = (
				284634C61C6AE2F8007B6CE7 /* Base */,
			);
			name = Main.storyboard;
			sourceTree = "<group>";
		};
		284634CA1C6AE2F8007B6CE7 /* LaunchScreen.storyboard */ = {
			isa = PBXVariantGroup;
			children = (
				284634CB1C6AE2F8007B6CE7 /* Base */,
			);
			name = LaunchScreen.storyboard;
			sourceTree = "<group>";
		};
/* End PBXVariantGroup section */

/* Begin XCBuildConfiguration section */
		284634E41C6AE2F8007B6CE7 /* Debug */ = {
			isa = XCBuildConfiguration;
			buildSettings = {
				ALWAYS_SEARCH_USER_PATHS = NO;
				CLANG_CXX_LANGUAGE_STANDARD = "gnu++0x";
				CLANG_CXX_LIBRARY = "libc++";
				CLANG_ENABLE_MODULES = YES;
				CLANG_ENABLE_OBJC_ARC = YES;
				CLANG_WARN_BOOL_CONVERSION = YES;
				CLANG_WARN_CONSTANT_CONVERSION = YES;
				CLANG_WARN_DIRECT_OBJC_ISA_USAGE = YES_ERROR;
				CLANG_WARN_EMPTY_BODY = YES;
				CLANG_WARN_ENUM_CONVERSION = YES;
				CLANG_WARN_INT_CONVERSION = YES;
				CLANG_WARN_OBJC_ROOT_CLASS = YES_ERROR;
				CLANG_WARN_UNREACHABLE_CODE = YES;
				CLANG_WARN__DUPLICATE_METHOD_MATCH = YES;
				"CODE_SIGN_IDENTITY[sdk=iphoneos*]" = "iPhone Developer";
				COPY_PHASE_STRIP = NO;
				DEBUG_INFORMATION_FORMAT = dwarf;
				ENABLE_STRICT_OBJC_MSGSEND = YES;
				ENABLE_TESTABILITY = YES;
				GCC_C_LANGUAGE_STANDARD = gnu99;
				GCC_DYNAMIC_NO_PIC = NO;
				GCC_NO_COMMON_BLOCKS = YES;
				GCC_OPTIMIZATION_LEVEL = 0;
				GCC_PREPROCESSOR_DEFINITIONS = (
					"DEBUG=1",
					"$(inherited)",
				);
				GCC_WARN_64_TO_32_BIT_CONVERSION = YES;
				GCC_WARN_ABOUT_RETURN_TYPE = YES_ERROR;
				GCC_WARN_UNDECLARED_SELECTOR = YES;
				GCC_WARN_UNINITIALIZED_AUTOS = YES_AGGRESSIVE;
				GCC_WARN_UNUSED_FUNCTION = YES;
				GCC_WARN_UNUSED_VARIABLE = YES;
				IPHONEOS_DEPLOYMENT_TARGET = 9.2;
				MTL_ENABLE_DEBUG_INFO = YES;
				ONLY_ACTIVE_ARCH = YES;
				SDKROOT = iphoneos;
				SWIFT_OPTIMIZATION_LEVEL = "-Onone";
				TARGETED_DEVICE_FAMILY = "1,2";
			};
			name = Debug;
		};
		284634E51C6AE2F8007B6CE7 /* Release */ = {
			isa = XCBuildConfiguration;
			buildSettings = {
				ALWAYS_SEARCH_USER_PATHS = NO;
				CLANG_CXX_LANGUAGE_STANDARD = "gnu++0x";
				CLANG_CXX_LIBRARY = "libc++";
				CLANG_ENABLE_MODULES = YES;
				CLANG_ENABLE_OBJC_ARC = YES;
				CLANG_WARN_BOOL_CONVERSION = YES;
				CLANG_WARN_CONSTANT_CONVERSION = YES;
				CLANG_WARN_DIRECT_OBJC_ISA_USAGE = YES_ERROR;
				CLANG_WARN_EMPTY_BODY = YES;
				CLANG_WARN_ENUM_CONVERSION = YES;
				CLANG_WARN_INT_CONVERSION = YES;
				CLANG_WARN_OBJC_ROOT_CLASS = YES_ERROR;
				CLANG_WARN_UNREACHABLE_CODE = YES;
				CLANG_WARN__DUPLICATE_METHOD_MATCH = YES;
				"CODE_SIGN_IDENTITY[sdk=iphoneos*]" = "iPhone Developer";
				COPY_PHASE_STRIP = NO;
				DEBUG_INFORMATION_FORMAT = "dwarf-with-dsym";
				ENABLE_NS_ASSERTIONS = NO;
				ENABLE_STRICT_OBJC_MSGSEND = YES;
				GCC_C_LANGUAGE_STANDARD = gnu99;
				GCC_NO_COMMON_BLOCKS = YES;
				GCC_WARN_64_TO_32_BIT_CONVERSION = YES;
				GCC_WARN_ABOUT_RETURN_TYPE = YES_ERROR;
				GCC_WARN_UNDECLARED_SELECTOR = YES;
				GCC_WARN_UNINITIALIZED_AUTOS = YES_AGGRESSIVE;
				GCC_WARN_UNUSED_FUNCTION = YES;
				GCC_WARN_UNUSED_VARIABLE = YES;
				IPHONEOS_DEPLOYMENT_TARGET = 9.2;
				MTL_ENABLE_DEBUG_INFO = NO;
				SDKROOT = iphoneos;
				TARGETED_DEVICE_FAMILY = "1,2";
				VALIDATE_PRODUCT = YES;
			};
			name = Release;
		};
		284634E71C6AE2F8007B6CE7 /* Debug */ = {
			isa = XCBuildConfiguration;
			baseConfigurationReference = 4C14452F4C55A24CC2013A83 /* Pods-SocialShoppingApp.debug.xcconfig */;
			buildSettings = {
				ASSETCATALOG_COMPILER_APPICON_NAME = AppIcon;
				INFOPLIST_FILE = SocialShoppingApp/Info.plist;
				LD_RUNPATH_SEARCH_PATHS = "$(inherited) @executable_path/Frameworks";
				PRODUCT_BUNDLE_IDENTIFIER = com.sarthakkhillon.SocialShoppingApp;
				PRODUCT_NAME = "$(TARGET_NAME)";
			};
			name = Debug;
		};
		284634E81C6AE2F8007B6CE7 /* Release */ = {
			isa = XCBuildConfiguration;
			baseConfigurationReference = B05F79AAF877D832AB404C73 /* Pods-SocialShoppingApp.release.xcconfig */;
			buildSettings = {
				ASSETCATALOG_COMPILER_APPICON_NAME = AppIcon;
				INFOPLIST_FILE = SocialShoppingApp/Info.plist;
				LD_RUNPATH_SEARCH_PATHS = "$(inherited) @executable_path/Frameworks";
				PRODUCT_BUNDLE_IDENTIFIER = com.sarthakkhillon.SocialShoppingApp;
				PRODUCT_NAME = "$(TARGET_NAME)";
			};
			name = Release;
		};
		284634EA1C6AE2F8007B6CE7 /* Debug */ = {
			isa = XCBuildConfiguration;
			buildSettings = {
				BUNDLE_LOADER = "$(TEST_HOST)";
				INFOPLIST_FILE = SocialShoppingAppTests/Info.plist;
				LD_RUNPATH_SEARCH_PATHS = "$(inherited) @executable_path/Frameworks @loader_path/Frameworks";
				PRODUCT_BUNDLE_IDENTIFIER = com.sarthakkhillon.SocialShoppingAppTests;
				PRODUCT_NAME = "$(TARGET_NAME)";
				TEST_HOST = "$(BUILT_PRODUCTS_DIR)/SocialShoppingApp.app/SocialShoppingApp";
			};
			name = Debug;
		};
		284634EB1C6AE2F8007B6CE7 /* Release */ = {
			isa = XCBuildConfiguration;
			buildSettings = {
				BUNDLE_LOADER = "$(TEST_HOST)";
				INFOPLIST_FILE = SocialShoppingAppTests/Info.plist;
				LD_RUNPATH_SEARCH_PATHS = "$(inherited) @executable_path/Frameworks @loader_path/Frameworks";
				PRODUCT_BUNDLE_IDENTIFIER = com.sarthakkhillon.SocialShoppingAppTests;
				PRODUCT_NAME = "$(TARGET_NAME)";
				TEST_HOST = "$(BUILT_PRODUCTS_DIR)/SocialShoppingApp.app/SocialShoppingApp";
			};
			name = Release;
		};
		284634ED1C6AE2F8007B6CE7 /* Debug */ = {
			isa = XCBuildConfiguration;
			buildSettings = {
				INFOPLIST_FILE = SocialShoppingAppUITests/Info.plist;
				LD_RUNPATH_SEARCH_PATHS = "$(inherited) @executable_path/Frameworks @loader_path/Frameworks";
				PRODUCT_BUNDLE_IDENTIFIER = com.sarthakkhillon.SocialShoppingAppUITests;
				PRODUCT_NAME = "$(TARGET_NAME)";
				TEST_TARGET_NAME = SocialShoppingApp;
				USES_XCTRUNNER = YES;
			};
			name = Debug;
		};
		284634EE1C6AE2F8007B6CE7 /* Release */ = {
			isa = XCBuildConfiguration;
			buildSettings = {
				INFOPLIST_FILE = SocialShoppingAppUITests/Info.plist;
				LD_RUNPATH_SEARCH_PATHS = "$(inherited) @executable_path/Frameworks @loader_path/Frameworks";
				PRODUCT_BUNDLE_IDENTIFIER = com.sarthakkhillon.SocialShoppingAppUITests;
				PRODUCT_NAME = "$(TARGET_NAME)";
				TEST_TARGET_NAME = SocialShoppingApp;
				USES_XCTRUNNER = YES;
			};
			name = Release;
		};
/* End XCBuildConfiguration section */

/* Begin XCConfigurationList section */
		284634B91C6AE2F8007B6CE7 /* Build configuration list for PBXProject "SocialShoppingApp" */ = {
			isa = XCConfigurationList;
			buildConfigurations = (
				284634E41C6AE2F8007B6CE7 /* Debug */,
				284634E51C6AE2F8007B6CE7 /* Release */,
			);
			defaultConfigurationIsVisible = 0;
			defaultConfigurationName = Release;
		};
		284634E61C6AE2F8007B6CE7 /* Build configuration list for PBXNativeTarget "SocialShoppingApp" */ = {
			isa = XCConfigurationList;
			buildConfigurations = (
				284634E71C6AE2F8007B6CE7 /* Debug */,
				284634E81C6AE2F8007B6CE7 /* Release */,
			);
			defaultConfigurationIsVisible = 0;
			defaultConfigurationName = Release;
		};
		284634E91C6AE2F8007B6CE7 /* Build configuration list for PBXNativeTarget "SocialShoppingAppTests" */ = {
			isa = XCConfigurationList;
			buildConfigurations = (
				284634EA1C6AE2F8007B6CE7 /* Debug */,
				284634EB1C6AE2F8007B6CE7 /* Release */,
			);
			defaultConfigurationIsVisible = 0;
			defaultConfigurationName = Release;
		};
		284634EC1C6AE2F8007B6CE7 /* Build configuration list for PBXNativeTarget "SocialShoppingAppUITests" */ = {
			isa = XCConfigurationList;
			buildConfigurations = (
				284634ED1C6AE2F8007B6CE7 /* Debug */,
				284634EE1C6AE2F8007B6CE7 /* Release */,
			);
			defaultConfigurationIsVisible = 0;
			defaultConfigurationName = Release;
		};
/* End XCConfigurationList section */
	};
	rootObject = 284634B61C6AE2F8007B6CE7 /* Project object */;
}
